
Microsoft Visual Studio Solution File, Format Version 12.00
# Visual Studio Version 16
VisualStudioVersion = 16.0.29020.237
MinimumVisualStudioVersion = 10.0.40219.1
Project("{9A19103F-16F7-4668-BE54-9A1E7A4F7556}") = "MiniAiCup.Paperio.Core", "MiniAiCup.Paperio.Core\MiniAiCup.Paperio.Core.csproj", "{8156F763-8BC2-4A0F-B030-79757A717AD2}"
EndProject
Project("{FAE04EC0-301F-11D3-BF4B-00C04F79EFBC}") = "MiniAiCup.Paperio.Client", "MiniAiCup.Paperio.Client\MiniAiCup.Paperio.Client.csproj", "{66295429-D284-4F93-A074-8798E1B60506}"
EndProject
Global
	GlobalSection(SolutionConfigurationPlatforms) = preSolution
		Debug|Any CPU = Debug|Any CPU
		Release|Any CPU = Release|Any CPU
	EndGlobalSection
	GlobalSection(ProjectConfigurationPlatforms) = postSolution
		{8156F763-8BC2-4A0F-B030-79757A717AD2}.Debug|Any CPU.ActiveCfg = Debug|Any CPU
		{8156F763-8BC2-4A0F-B030-79757A717AD2}.Debug|Any CPU.Build.0 = Debug|Any CPU
		{8156F763-8BC2-4A0F-B030-79757A717AD2}.Release|Any CPU.ActiveCfg = Release|Any CPU
		{8156F763-8BC2-4A0F-B030-79757A717AD2}.Release|Any CPU.Build.0 = Release|Any CPU
		{66295429-D284-4F93-A074-8798E1B60506}.Debug|Any CPU.ActiveCfg = Debug|Any CPU
		{66295429-D284-4F93-A074-8798E1B60506}.Debug|Any CPU.Build.0 = Debug|Any CPU
		{66295429-D284-4F93-A074-8798E1B60506}.Release|Any CPU.ActiveCfg = Release|Any CPU
		{66295429-D284-4F93-A074-8798E1B60506}.Release|Any CPU.Build.0 = Release|Any CPU
	EndGlobalSection
	GlobalSection(SolutionProperties) = preSolution
		HideSolutionNode = FALSE
	EndGlobalSection
	GlobalSection(ExtensibilityGlobals) = postSolution
		SolutionGuid = {65A3E961-4F7F-44E9-A379-F896E7D9994C}
	EndGlobalSection
EndGlobal
