
Microsoft Visual Studio Solution File, Format Version 12.00
# Visual Studio Version 16
VisualStudioVersion = 16.0.29020.237
MinimumVisualStudioVersion = 10.0.40219.1
Project("{FAE04EC0-301F-11D3-BF4B-00C04F79EFBC}") = "MiniAiCup.Paperio", "MiniAiCup.Paperio\MiniAiCup.Paperio.csproj", "{242D5E6B-5103-4F2C-B035-52BBAC073831}"
EndProject
Global
	GlobalSection(SolutionConfigurationPlatforms) = preSolution
		Debug|Any CPU = Debug|Any CPU
		Release|Any CPU = Release|Any CPU
	EndGlobalSection
	GlobalSection(ProjectConfigurationPlatforms) = postSolution
		{242D5E6B-5103-4F2C-B035-52BBAC073831}.Debug|Any CPU.ActiveCfg = Debug|Any CPU
		{242D5E6B-5103-4F2C-B035-52BBAC073831}.Debug|Any CPU.Build.0 = Debug|Any CPU
		{242D5E6B-5103-4F2C-B035-52BBAC073831}.Release|Any CPU.ActiveCfg = Release|Any CPU
		{242D5E6B-5103-4F2C-B035-52BBAC073831}.Release|Any CPU.Build.0 = Release|Any CPU
	EndGlobalSection
	GlobalSection(SolutionProperties) = preSolution
		HideSolutionNode = FALSE
	EndGlobalSection
	GlobalSection(ExtensibilityGlobals) = postSolution
		SolutionGuid = {65A3E961-4F7F-44E9-A379-F896E7D9994C}
	EndGlobalSection
EndGlobal
